
Microsoft Visual Studio Solution File, Format Version 12.00
# Visual Studio 2013
VisualStudioVersion = 12.0.31101.0
MinimumVisualStudioVersion = 10.0.40219.1
Project("{FAE04EC0-301F-11D3-BF4B-00C04F79EFBC}") = "ticktick", "ticktick\ticktick\ticktick.csproj", "{AC1190BB-C992-4CB8-B166-E5AC07F4BBAC}"
EndProject
Project("{FAE04EC0-301F-11D3-BF4B-00C04F79EFBC}") = "ticktickContent", "ticktick\ticktickContent\ticktickContent.contentproj", "{F384057B-B59E-4195-A926-1A3A72E3D776}"
EndProject
Project("{FAE04EC0-301F-11D3-BF4B-00C04F79EFBC}") = "GameManagement", "GameManagement\GameManagement.csproj", "{6CEB5F37-0BFA-4A0D-8DB7-B25ECD81CAAE}"
EndProject
Global
	GlobalSection(SolutionConfigurationPlatforms) = preSolution
		Debug|x86 = Debug|x86
		Release|x86 = Release|x86
	EndGlobalSection
	GlobalSection(ProjectConfigurationPlatforms) = postSolution
		{AC1190BB-C992-4CB8-B166-E5AC07F4BBAC}.Debug|x86.ActiveCfg = Debug|x86
		{AC1190BB-C992-4CB8-B166-E5AC07F4BBAC}.Debug|x86.Build.0 = Debug|x86
		{AC1190BB-C992-4CB8-B166-E5AC07F4BBAC}.Release|x86.ActiveCfg = Release|x86
		{AC1190BB-C992-4CB8-B166-E5AC07F4BBAC}.Release|x86.Build.0 = Release|x86
		{F384057B-B59E-4195-A926-1A3A72E3D776}.Debug|x86.ActiveCfg = Debug|x86
		{F384057B-B59E-4195-A926-1A3A72E3D776}.Release|x86.ActiveCfg = Release|x86
		{6CEB5F37-0BFA-4A0D-8DB7-B25ECD81CAAE}.Debug|x86.ActiveCfg = Debug|x86
		{6CEB5F37-0BFA-4A0D-8DB7-B25ECD81CAAE}.Debug|x86.Build.0 = Debug|x86
		{6CEB5F37-0BFA-4A0D-8DB7-B25ECD81CAAE}.Release|x86.ActiveCfg = Release|x86
		{6CEB5F37-0BFA-4A0D-8DB7-B25ECD81CAAE}.Release|x86.Build.0 = Release|x86
	EndGlobalSection
	GlobalSection(SolutionProperties) = preSolution
		HideSolutionNode = FALSE
	EndGlobalSection
EndGlobal
